
Microsoft Visual Studio Solution File, Format Version 12.00
# Visual Studio Version 16
VisualStudioVersion = 16.0.31205.134
MinimumVisualStudioVersion = 10.0.40219.1
Project("{FAE04EC0-301F-11D3-BF4B-00C04F79EFBC}") = "CashRegister", "CashRegister\CashRegister.csproj", "{AD450FB2-6B30-4861-8FC3-82B1FEA1194C}"
EndProject
Global
	GlobalSection(SolutionConfigurationPlatforms) = preSolution
		Debug|Any CPU = Debug|Any CPU
		Release|Any CPU = Release|Any CPU
	EndGlobalSection
	GlobalSection(ProjectConfigurationPlatforms) = postSolution
		{AD450FB2-6B30-4861-8FC3-82B1FEA1194C}.Debug|Any CPU.ActiveCfg = Debug|Any CPU
		{AD450FB2-6B30-4861-8FC3-82B1FEA1194C}.Debug|Any CPU.Build.0 = Debug|Any CPU
		{AD450FB2-6B30-4861-8FC3-82B1FEA1194C}.Release|Any CPU.ActiveCfg = Release|Any CPU
		{AD450FB2-6B30-4861-8FC3-82B1FEA1194C}.Release|Any CPU.Build.0 = Release|Any CPU
	EndGlobalSection
	GlobalSection(SolutionProperties) = preSolution
		HideSolutionNode = FALSE
	EndGlobalSection
	GlobalSection(ExtensibilityGlobals) = postSolution
		SolutionGuid = {2828A2B4-ED5A-4E09-8F9A-5717BA6504E1}
	EndGlobalSection
EndGlobal
